
Microsoft Visual Studio Solution File, Format Version 12.00
# Visual Studio Version 16
VisualStudioVersion = 16.0.30413.136
MinimumVisualStudioVersion = 10.0.40219.1
Project("{FAE04EC0-301F-11D3-BF4B-00C04F79EFBC}") = "OdeToFood.Web", "OdeToFood.Web\OdeToFood.Web.csproj", "{128CBAF3-96B6-4D8B-9ED6-CFC50D7FEBBB}"
EndProject
Project("{FAE04EC0-301F-11D3-BF4B-00C04F79EFBC}") = "OdeToFood.Data", "OdeToFood.Data\OdeToFood.Data.csproj", "{8F0566B1-5271-471E-B7FF-18F4F04C055A}"
EndProject
Global
	GlobalSection(SolutionConfigurationPlatforms) = preSolution
		Debug|Any CPU = Debug|Any CPU
		Release|Any CPU = Release|Any CPU
	EndGlobalSection
	GlobalSection(ProjectConfigurationPlatforms) = postSolution
		{128CBAF3-96B6-4D8B-9ED6-CFC50D7FEBBB}.Debug|Any CPU.ActiveCfg = Debug|Any CPU
		{128CBAF3-96B6-4D8B-9ED6-CFC50D7FEBBB}.Debug|Any CPU.Build.0 = Debug|Any CPU
		{128CBAF3-96B6-4D8B-9ED6-CFC50D7FEBBB}.Release|Any CPU.ActiveCfg = Release|Any CPU
		{128CBAF3-96B6-4D8B-9ED6-CFC50D7FEBBB}.Release|Any CPU.Build.0 = Release|Any CPU
		{8F0566B1-5271-471E-B7FF-18F4F04C055A}.Debug|Any CPU.ActiveCfg = Debug|Any CPU
		{8F0566B1-5271-471E-B7FF-18F4F04C055A}.Debug|Any CPU.Build.0 = Debug|Any CPU
		{8F0566B1-5271-471E-B7FF-18F4F04C055A}.Release|Any CPU.ActiveCfg = Release|Any CPU
		{8F0566B1-5271-471E-B7FF-18F4F04C055A}.Release|Any CPU.Build.0 = Release|Any CPU
	EndGlobalSection
	GlobalSection(SolutionProperties) = preSolution
		HideSolutionNode = FALSE
	EndGlobalSection
	GlobalSection(ExtensibilityGlobals) = postSolution
		SolutionGuid = {A44106DD-6C3F-460C-931B-10868E47B7ED}
	EndGlobalSection
EndGlobal
